
Microsoft Visual Studio Solution File, Format Version 12.00
# Visual Studio Version 16
VisualStudioVersion = 16.0.29806.167
MinimumVisualStudioVersion = 10.0.40219.1
Project("{FAE04EC0-301F-11D3-BF4B-00C04F79EFBC}") = "StudyWithMe.Android", "StudyWithMe\StudyWithMe.Android\StudyWithMe.Android.csproj", "{621B0258-8630-498C-87CB-CBD28C479BC4}"
EndProject
Project("{FAE04EC0-301F-11D3-BF4B-00C04F79EFBC}") = "StudyWithMe.iOS", "StudyWithMe\StudyWithMe.iOS\StudyWithMe.iOS.csproj", "{3CEB28EC-78B9-45C4-B836-F08CDC022C53}"
EndProject
Project("{FAE04EC0-301F-11D3-BF4B-00C04F79EFBC}") = "StudyWithMe", "StudyWithMe\StudyWithMe\StudyWithMe.csproj", "{77C10203-48C3-49B6-B793-1B254060BD3B}"
EndProject
Global
	GlobalSection(SolutionConfigurationPlatforms) = preSolution
		Debug|Any CPU = Debug|Any CPU
		Debug|iPhone = Debug|iPhone
		Debug|iPhoneSimulator = Debug|iPhoneSimulator
		Release|Any CPU = Release|Any CPU
		Release|iPhone = Release|iPhone
		Release|iPhoneSimulator = Release|iPhoneSimulator
	EndGlobalSection
	GlobalSection(ProjectConfigurationPlatforms) = postSolution
		{621B0258-8630-498C-87CB-CBD28C479BC4}.Debug|Any CPU.ActiveCfg = Debug|Any CPU
		{621B0258-8630-498C-87CB-CBD28C479BC4}.Debug|Any CPU.Build.0 = Debug|Any CPU
		{621B0258-8630-498C-87CB-CBD28C479BC4}.Debug|Any CPU.Deploy.0 = Debug|Any CPU
		{621B0258-8630-498C-87CB-CBD28C479BC4}.Debug|iPhone.ActiveCfg = Debug|Any CPU
		{621B0258-8630-498C-87CB-CBD28C479BC4}.Debug|iPhone.Build.0 = Debug|Any CPU
		{621B0258-8630-498C-87CB-CBD28C479BC4}.Debug|iPhone.Deploy.0 = Debug|Any CPU
		{621B0258-8630-498C-87CB-CBD28C479BC4}.Debug|iPhoneSimulator.ActiveCfg = Debug|Any CPU
		{621B0258-8630-498C-87CB-CBD28C479BC4}.Debug|iPhoneSimulator.Build.0 = Debug|Any CPU
		{621B0258-8630-498C-87CB-CBD28C479BC4}.Debug|iPhoneSimulator.Deploy.0 = Debug|Any CPU
		{621B0258-8630-498C-87CB-CBD28C479BC4}.Release|Any CPU.ActiveCfg = Release|Any CPU
		{621B0258-8630-498C-87CB-CBD28C479BC4}.Release|Any CPU.Build.0 = Release|Any CPU
		{621B0258-8630-498C-87CB-CBD28C479BC4}.Release|Any CPU.Deploy.0 = Release|Any CPU
		{621B0258-8630-498C-87CB-CBD28C479BC4}.Release|iPhone.ActiveCfg = Release|Any CPU
		{621B0258-8630-498C-87CB-CBD28C479BC4}.Release|iPhone.Build.0 = Release|Any CPU
		{621B0258-8630-498C-87CB-CBD28C479BC4}.Release|iPhone.Deploy.0 = Release|Any CPU
		{621B0258-8630-498C-87CB-CBD28C479BC4}.Release|iPhoneSimulator.ActiveCfg = Release|Any CPU
		{621B0258-8630-498C-87CB-CBD28C479BC4}.Release|iPhoneSimulator.Build.0 = Release|Any CPU
		{621B0258-8630-498C-87CB-CBD28C479BC4}.Release|iPhoneSimulator.Deploy.0 = Release|Any CPU
		{3CEB28EC-78B9-45C4-B836-F08CDC022C53}.Debug|Any CPU.ActiveCfg = Debug|iPhoneSimulator
		{3CEB28EC-78B9-45C4-B836-F08CDC022C53}.Debug|Any CPU.Build.0 = Debug|iPhoneSimulator
		{3CEB28EC-78B9-45C4-B836-F08CDC022C53}.Debug|Any CPU.Deploy.0 = Debug|iPhoneSimulator
		{3CEB28EC-78B9-45C4-B836-F08CDC022C53}.Debug|iPhone.ActiveCfg = Debug|iPhone
		{3CEB28EC-78B9-45C4-B836-F08CDC022C53}.Debug|iPhone.Build.0 = Debug|iPhone
		{3CEB28EC-78B9-45C4-B836-F08CDC022C53}.Debug|iPhone.Deploy.0 = Debug|iPhone
		{3CEB28EC-78B9-45C4-B836-F08CDC022C53}.Debug|iPhoneSimulator.ActiveCfg = Debug|iPhoneSimulator
		{3CEB28EC-78B9-45C4-B836-F08CDC022C53}.Debug|iPhoneSimulator.Build.0 = Debug|iPhoneSimulator
		{3CEB28EC-78B9-45C4-B836-F08CDC022C53}.Debug|iPhoneSimulator.Deploy.0 = Debug|iPhoneSimulator
		{3CEB28EC-78B9-45C4-B836-F08CDC022C53}.Release|Any CPU.ActiveCfg = Release|iPhone
		{3CEB28EC-78B9-45C4-B836-F08CDC022C53}.Release|Any CPU.Build.0 = Release|iPhone
		{3CEB28EC-78B9-45C4-B836-F08CDC022C53}.Release|Any CPU.Deploy.0 = Release|iPhone
		{3CEB28EC-78B9-45C4-B836-F08CDC022C53}.Release|iPhone.ActiveCfg = Release|iPhone
		{3CEB28EC-78B9-45C4-B836-F08CDC022C53}.Release|iPhone.Build.0 = Release|iPhone
		{3CEB28EC-78B9-45C4-B836-F08CDC022C53}.Release|iPhone.Deploy.0 = Release|iPhone
		{3CEB28EC-78B9-45C4-B836-F08CDC022C53}.Release|iPhoneSimulator.ActiveCfg = Release|iPhoneSimulator
		{3CEB28EC-78B9-45C4-B836-F08CDC022C53}.Release|iPhoneSimulator.Build.0 = Release|iPhoneSimulator
		{3CEB28EC-78B9-45C4-B836-F08CDC022C53}.Release|iPhoneSimulator.Deploy.0 = Release|iPhoneSimulator
		{77C10203-48C3-49B6-B793-1B254060BD3B}.Debug|Any CPU.ActiveCfg = Debug|Any CPU
		{77C10203-48C3-49B6-B793-1B254060BD3B}.Debug|Any CPU.Build.0 = Debug|Any CPU
		{77C10203-48C3-49B6-B793-1B254060BD3B}.Debug|Any CPU.Deploy.0 = Debug|Any CPU
		{77C10203-48C3-49B6-B793-1B254060BD3B}.Debug|iPhone.ActiveCfg = Debug|Any CPU
		{77C10203-48C3-49B6-B793-1B254060BD3B}.Debug|iPhone.Build.0 = Debug|Any CPU
		{77C10203-48C3-49B6-B793-1B254060BD3B}.Debug|iPhone.Deploy.0 = Debug|Any CPU
		{77C10203-48C3-49B6-B793-1B254060BD3B}.Debug|iPhoneSimulator.ActiveCfg = Debug|Any CPU
		{77C10203-48C3-49B6-B793-1B254060BD3B}.Debug|iPhoneSimulator.Build.0 = Debug|Any CPU
		{77C10203-48C3-49B6-B793-1B254060BD3B}.Debug|iPhoneSimulator.Deploy.0 = Debug|Any CPU
		{77C10203-48C3-49B6-B793-1B254060BD3B}.Release|Any CPU.ActiveCfg = Release|Any CPU
		{77C10203-48C3-49B6-B793-1B254060BD3B}.Release|Any CPU.Build.0 = Release|Any CPU
		{77C10203-48C3-49B6-B793-1B254060BD3B}.Release|Any CPU.Deploy.0 = Release|Any CPU
		{77C10203-48C3-49B6-B793-1B254060BD3B}.Release|iPhone.ActiveCfg = Release|Any CPU
		{77C10203-48C3-49B6-B793-1B254060BD3B}.Release|iPhone.Build.0 = Release|Any CPU
		{77C10203-48C3-49B6-B793-1B254060BD3B}.Release|iPhone.Deploy.0 = Release|Any CPU
		{77C10203-48C3-49B6-B793-1B254060BD3B}.Release|iPhoneSimulator.ActiveCfg = Release|Any CPU
		{77C10203-48C3-49B6-B793-1B254060BD3B}.Release|iPhoneSimulator.Build.0 = Release|Any CPU
		{77C10203-48C3-49B6-B793-1B254060BD3B}.Release|iPhoneSimulator.Deploy.0 = Release|Any CPU
	EndGlobalSection
	GlobalSection(SolutionProperties) = preSolution
		HideSolutionNode = FALSE
	EndGlobalSection
	GlobalSection(ExtensibilityGlobals) = postSolution
		SolutionGuid = {815E778F-9BF5-4A1E-A7A8-CA11B6113DBB}
	EndGlobalSection
EndGlobal
